// !$*UTF8*$!
{
	archiveVersion = 1;
	classes = {
	};
	objectVersion = 48;
	objects = {

/* Begin PBXBuildFile section */
		B2F9A9B41FB80F3100326F80 /* AppDelegate.swift in Sources */ = {isa = PBXBuildFile; fileRef = B2F9A9B31FB80F3100326F80 /* AppDelegate.swift */; };
		B2F9A9B61FB80F3100326F80 /* ViewController.swift in Sources */ = {isa = PBXBuildFile; fileRef = B2F9A9B51FB80F3100326F80 /* ViewController.swift */; };
		B2F9A9B91FB80F3100326F80 /* Main.storyboard in Resources */ = {isa = PBXBuildFile; fileRef = B2F9A9B71FB80F3100326F80 /* Main.storyboard */; };
		B2F9A9BB1FB80F3100326F80 /* Assets.xcassets in Resources */ = {isa = PBXBuildFile; fileRef = B2F9A9BA1FB80F3100326F80 /* Assets.xcassets */; };
		B2F9A9BE1FB80F3100326F80 /* LaunchScreen.storyboard in Resources */ = {isa = PBXBuildFile; fileRef = B2F9A9BC1FB80F3100326F80 /* LaunchScreen.storyboard */; };
		B2F9A9C61FB822C800326F80 /* pokemon.csv in Resources */ = {isa = PBXBuildFile; fileRef = B2F9A9C51FB822C800326F80 /* pokemon.csv */; };
/* End PBXBuildFile section */

/* Begin PBXFileReference section */
		B2F9A9B01FB80F3100326F80 /* pokedex4.app */ = {isa = PBXFileReference; explicitFileType = wrapper.application; includeInIndex = 0; path = pokedex4.app; sourceTree = BUILT_PRODUCTS_DIR; };
		B2F9A9B31FB80F3100326F80 /* AppDelegate.swift */ = {isa = PBXFileReference; lastKnownFileType = sourcecode.swift; path = AppDelegate.swift; sourceTree = "<group>"; };
		B2F9A9B51FB80F3100326F80 /* ViewController.swift */ = {isa = PBXFileReference; lastKnownFileType = sourcecode.swift; path = ViewController.swift; sourceTree = "<group>"; };
		B2F9A9B81FB80F3100326F80 /* Base */ = {isa = PBXFileReference; lastKnownFileType = file.storyboard; name = Base; path = Base.lproj/Main.storyboard; sourceTree = "<group>"; };
		B2F9A9BA1FB80F3100326F80 /* Assets.xcassets */ = {isa = PBXFileReference; lastKnownFileType = folder.assetcatalog; path = Assets.xcassets; sourceTree = "<group>"; };
		B2F9A9BD1FB80F3100326F80 /* Base */ = {isa = PBXFileReference; lastKnownFileType = file.storyboard; name = Base; path = Base.lproj/LaunchScreen.storyboard; sourceTree = "<group>"; };
		B2F9A9BF1FB80F3100326F80 /* Info.plist */ = {isa = PBXFileReference; lastKnownFileType = text.plist.xml; path = Info.plist; sourceTree = "<group>"; };
		B2F9A9C51FB822C800326F80 /* pokemon.csv */ = {isa = PBXFileReference; fileEncoding = 4; lastKnownFileType = text; path = pokemon.csv; sourceTree = "<group>"; };
/* End PBXFileReference section */

/* Begin PBXFrameworksBuildPhase section */
		B2F9A9AD1FB80F3100326F80 /* Frameworks */ = {
			isa = PBXFrameworksBuildPhase;
			buildActionMask = 2147483647;
			files = (
			);
			runOnlyForDeploymentPostprocessing = 0;
		};
/* End PBXFrameworksBuildPhase section */

/* Begin PBXGroup section */
		B2F9A9A71FB80F3100326F80 = {
			isa = PBXGroup;
			children = (
				B2F9A9B21FB80F3100326F80 /* pokedex4 */,
				B2F9A9B11FB80F3100326F80 /* Products */,
			);
			sourceTree = "<group>";
		};
		B2F9A9B11FB80F3100326F80 /* Products */ = {
			isa = PBXGroup;
			children = (
				B2F9A9B01FB80F3100326F80 /* pokedex4.app */,
			);
			name = Products;
			sourceTree = "<group>";
		};
		B2F9A9B21FB80F3100326F80 /* pokedex4 */ = {
			isa = PBXGroup;
			children = (
				B2F9A9B31FB80F3100326F80 /* AppDelegate.swift */,
				B2F9A9B51FB80F3100326F80 /* ViewController.swift */,
				B2F9A9B71FB80F3100326F80 /* Main.storyboard */,
				B2F9A9BA1FB80F3100326F80 /* Assets.xcassets */,
				B2F9A9C51FB822C800326F80 /* pokemon.csv */,
				B2F9A9BC1FB80F3100326F80 /* LaunchScreen.storyboard */,
				B2F9A9BF1FB80F3100326F80 /* Info.plist */,
			);
			path = pokedex4;
			sourceTree = "<group>";
		};
/* End PBXGroup section */

/* Begin PBXNativeTarget section */
		B2F9A9AF1FB80F3100326F80 /* pokedex4 */ = {
			isa = PBXNativeTarget;
			buildConfigurationList = B2F9A9C21FB80F3100326F80 /* Build configuration list for PBXNativeTarget "pokedex4" */;
			buildPhases = (
				B2F9A9AC1FB80F3100326F80 /* Sources */,
				B2F9A9AD1FB80F3100326F80 /* Frameworks */,
				B2F9A9AE1FB80F3100326F80 /* Resources */,
			);
			buildRules = (
			);
			dependencies = (
			);
			name = pokedex4;
			productName = pokedex4;
			productReference = B2F9A9B01FB80F3100326F80 /* pokedex4.app */;
			productType = "com.apple.product-type.application";
		};
/* End PBXNativeTarget section */

/* Begin PBXProject section */
		B2F9A9A81FB80F3100326F80 /* Project object */ = {
			isa = PBXProject;
			attributes = {
				LastSwiftUpdateCheck = 0910;
				LastUpgradeCheck = 0910;
				ORGANIZATIONNAME = "shashank pashikanti";
				TargetAttributes = {
					B2F9A9AF1FB80F3100326F80 = {
						CreatedOnToolsVersion = 9.1;
						ProvisioningStyle = Automatic;
					};
				};
			};
			buildConfigurationList = B2F9A9AB1FB80F3100326F80 /* Build configuration list for PBXProject "pokedex4" */;
			compatibilityVersion = "Xcode 8.0";
			developmentRegion = en;
			hasScannedForEncodings = 0;
			knownRegions = (
				en,
				Base,
			);
			mainGroup = B2F9A9A71FB80F3100326F80;
			productRefGroup = B2F9A9B11FB80F3100326F80 /* Products */;
			projectDirPath = "";
			projectRoot = "";
			targets = (
				B2F9A9AF1FB80F3100326F80 /* pokedex4 */,
			);
		};
/* End PBXProject section */

/* Begin PBXResourcesBuildPhase section */
		B2F9A9AE1FB80F3100326F80 /* Resources */ = {
			isa = PBXResourcesBuildPhase;
			buildActionMask = 2147483647;
			files = (
				B2F9A9BE1FB80F3100326F80 /* LaunchScreen.storyboard in Resources */,
				B2F9A9BB1FB80F3100326F80 /* Assets.xcassets in Resources */,
				B2F9A9C61FB822C800326F80 /* pokemon.csv in Resources */,
				B2F9A9B91FB80F3100326F80 /* Main.storyboard in Resources */,
			);
			runOnlyForDeploymentPostprocessing = 0;
		};
/* End PBXResourcesBuildPhase section */

/* Begin PBXSourcesBuildPhase section */
		B2F9A9AC1FB80F3100326F80 /* Sources */ = {
			isa = PBXSourcesBuildPhase;
			buildActionMask = 2147483647;
			files = (
				B2F9A9B61FB80F3100326F80 /* ViewController.swift in Sources */,
				B2F9A9B41FB80F3100326F80 /* AppDelegate.swift in Sources */,
			);
			runOnlyForDeploymentPostprocessing = 0;
		};
/* End PBXSourcesBuildPhase section */

/* Begin PBXVariantGroup section */
		B2F9A9B71FB80F3100326F80 /* Main.storyboard */ = {
			isa = PBXVariantGroup;
			children = (
				B2F9A9B81FB80F3100326F80 /* Base */,
			);
			name = Main.storyboard;
			sourceTree = "<group>";
		};
		B2F9A9BC1FB80F3100326F80 /* LaunchScreen.storyboard */ = {
			isa = PBXVariantGroup;
			children = (
				B2F9A9BD1FB80F3100326F80 /* Base */,
			);
			name = LaunchScreen.storyboard;
			sourceTree = "<group>";
		};
/* End PBXVariantGroup section */

/* Begin XCBuildConfiguration section */
		B2F9A9C01FB80F3100326F80 /* Debug */ = {
			isa = XCBuildConfiguration;
			buildSettings = {
				ALWAYS_SEARCH_USER_PATHS = NO;
				CLANG_ANALYZER_NONNULL = YES;
				CLANG_ANALYZER_NUMBER_OBJECT_CONVERSION = YES_AGGRESSIVE;
				CLANG_CXX_LANGUAGE_STANDARD = "gnu++14";
				CLANG_CXX_LIBRARY = "libc++";
				CLANG_ENABLE_MODULES = YES;
				CLANG_ENABLE_OBJC_ARC = YES;
				CLANG_WARN_BLOCK_CAPTURE_AUTORELEASING = YES;
				CLANG_WARN_BOOL_CONVERSION = YES;
				CLANG_WARN_COMMA = YES;
				CLANG_WARN_CONSTANT_CONVERSION = YES;
				CLANG_WARN_DIRECT_OBJC_ISA_USAGE = YES_ERROR;
				CLANG_WARN_DOCUMENTATION_COMMENTS = YES;
				CLANG_WARN_EMPTY_BODY = YES;
				CLANG_WARN_ENUM_CONVERSION = YES;
				CLANG_WARN_INFINITE_RECURSION = YES;
				CLANG_WARN_INT_CONVERSION = YES;
				CLANG_WARN_NON_LITERAL_NULL_CONVERSION = YES;
				CLANG_WARN_OBJC_LITERAL_CONVERSION = YES;
				CLANG_WARN_OBJC_ROOT_CLASS = YES_ERROR;
				CLANG_WARN_RANGE_LOOP_ANALYSIS = YES;
				CLANG_WARN_STRICT_PROTOTYPES = YES;
				CLANG_WARN_SUSPICIOUS_MOVE = YES;
				CLANG_WARN_UNGUARDED_AVAILABILITY = YES_AGGRESSIVE;
				CLANG_WARN_UNREACHABLE_CODE = YES;
				CLANG_WARN__DUPLICATE_METHOD_MATCH = YES;
				CODE_SIGN_IDENTITY = "iPhone Developer";
				COPY_PHASE_STRIP = NO;
				DEBUG_INFORMATION_FORMAT = dwarf;
				ENABLE_STRICT_OBJC_MSGSEND = YES;
				ENABLE_TESTABILITY = YES;
				GCC_C_LANGUAGE_STANDARD = gnu11;
				GCC_DYNAMIC_NO_PIC = NO;
				GCC_NO_COMMON_BLOCKS = YES;
				GCC_OPTIMIZATION_LEVEL = 0;
				GCC_PREPROCESSOR_DEFINITIONS = (
					"DEBUG=1",
					"$(inherited)",
				);
				GCC_WARN_64_TO_32_BIT_CONVERSION = YES;
				GCC_WARN_ABOUT_RETURN_TYPE = YES_ERROR;
				GCC_WARN_UNDECLARED_SELECTOR = YES;
				GCC_WARN_UNINITIALIZED_AUTOS = YES_AGGRESSIVE;
				GCC_WARN_UNUSED_FUNCTION = YES;
				GCC_WARN_UNUSED_VARIABLE = YES;
				IPHONEOS_DEPLOYMENT_TARGET = 11.1;
				MTL_ENABLE_DEBUG_INFO = YES;
				ONLY_ACTIVE_ARCH = YES;
				SDKROOT = iphoneos;
				SWIFT_ACTIVE_COMPILATION_CONDITIONS = DEBUG;
				SWIFT_OPTIMIZATION_LEVEL = "-Onone";
			};
			name = Debug;
		};
		B2F9A9C11FB80F3100326F80 /* Release */ = {
			isa = XCBuildConfiguration;
			buildSettings = {
				ALWAYS_SEARCH_USER_PATHS = NO;
				CLANG_ANALYZER_NONNULL = YES;
				CLANG_ANALYZER_NUMBER_OBJECT_CONVERSION = YES_AGGRESSIVE;
				CLANG_CXX_LANGUAGE_STANDARD = "gnu++14";
				CLANG_CXX_LIBRARY = "libc++";
				CLANG_ENABLE_MODULES = YES;
				CLANG_ENABLE_OBJC_ARC = YES;
				CLANG_WARN_BLOCK_CAPTURE_AUTORELEASING = YES;
				CLANG_WARN_BOOL_CONVERSION = YES;
				CLANG_WARN_COMMA = YES;
				CLANG_WARN_CONSTANT_CONVERSION = YES;
				CLANG_WARN_DIRECT_OBJC_ISA_USAGE = YES_ERROR;
				CLANG_WARN_DOCUMENTATION_COMMENTS = YES;
				CLANG_WARN_EMPTY_BODY = YES;
				CLANG_WARN_ENUM_CONVERSION = YES;
				CLANG_WARN_INFINITE_RECURSION = YES;
				CLANG_WARN_INT_CONVERSION = YES;
				CLANG_WARN_NON_LITERAL_NULL_CONVERSION = YES;
				CLANG_WARN_OBJC_LITERAL_CONVERSION = YES;
				CLANG_WARN_OBJC_ROOT_CLASS = YES_ERROR;
				CLANG_WARN_RANGE_LOOP_ANALYSIS = YES;
				CLANG_WARN_STRICT_PROTOTYPES = YES;
				CLANG_WARN_SUSPICIOUS_MOVE = YES;
				CLANG_WARN_UNGUARDED_AVAILABILITY = YES_AGGRESSIVE;
				CLANG_WARN_UNREACHABLE_CODE = YES;
				CLANG_WARN__DUPLICATE_METHOD_MATCH = YES;
				CODE_SIGN_IDENTITY = "iPhone Developer";
				COPY_PHASE_STRIP = NO;
				DEBUG_INFORMATION_FORMAT = "dwarf-with-dsym";
				ENABLE_NS_ASSERTIONS = NO;
				ENABLE_STRICT_OBJC_MSGSEND = YES;
				GCC_C_LANGUAGE_STANDARD = gnu11;
				GCC_NO_COMMON_BLOCKS = YES;
				GCC_WARN_64_TO_32_BIT_CONVERSION = YES;
				GCC_WARN_ABOUT_RETURN_TYPE = YES_ERROR;
				GCC_WARN_UNDECLARED_SELECTOR = YES;
				GCC_WARN_UNINITIALIZED_AUTOS = YES_AGGRESSIVE;
				GCC_WARN_UNUSED_FUNCTION = YES;
				GCC_WARN_UNUSED_VARIABLE = YES;
				IPHONEOS_DEPLOYMENT_TARGET = 11.1;
				MTL_ENABLE_DEBUG_INFO = NO;
				SDKROOT = iphoneos;
				SWIFT_OPTIMIZATION_LEVEL = "-Owholemodule";
				VALIDATE_PRODUCT = YES;
			};
			name = Release;
		};
		B2F9A9C31FB80F3100326F80 /* Debug */ = {
			isa = XCBuildConfiguration;
			buildSettings = {
				ASSETCATALOG_COMPILER_APPICON_NAME = AppIcon;
				CODE_SIGN_STYLE = Automatic;
				INFOPLIST_FILE = pokedex4/Info.plist;
				LD_RUNPATH_SEARCH_PATHS = "$(inherited) @executable_path/Frameworks";
				PRODUCT_BUNDLE_IDENTIFIER = com.shank.pokedex4;
				PRODUCT_NAME = "$(TARGET_NAME)";
				SWIFT_VERSION = 4.0;
				TARGETED_DEVICE_FAMILY = "1,2";
			};
			name = Debug;
		};
		B2F9A9C41FB80F3100326F80 /* Release */ = {
			isa = XCBuildConfiguration;
			buildSettings = {
				ASSETCATALOG_COMPILER_APPICON_NAME = AppIcon;
				CODE_SIGN_STYLE = Automatic;
				INFOPLIST_FILE = pokedex4/Info.plist;
				LD_RUNPATH_SEARCH_PATHS = "$(inherited) @executable_path/Frameworks";
				PRODUCT_BUNDLE_IDENTIFIER = com.shank.pokedex4;
				PRODUCT_NAME = "$(TARGET_NAME)";
				SWIFT_VERSION = 4.0;
				TARGETED_DEVICE_FAMILY = "1,2";
			};
			name = Release;
		};
/* End XCBuildConfiguration section */

/* Begin XCConfigurationList section */
		B2F9A9AB1FB80F3100326F80 /* Build configuration list for PBXProject "pokedex4" */ = {
			isa = XCConfigurationList;
			buildConfigurations = (
				B2F9A9C01FB80F3100326F80 /* Debug */,
				B2F9A9C11FB80F3100326F80 /* Release */,
			);
			defaultConfigurationIsVisible = 0;
			defaultConfigurationName = Release;
		};
		B2F9A9C21FB80F3100326F80 /* Build configuration list for PBXNativeTarget "pokedex4" */ = {
			isa = XCConfigurationList;
			buildConfigurations = (
				B2F9A9C31FB80F3100326F80 /* Debug */,
				B2F9A9C41FB80F3100326F80 /* Release */,
			);
			defaultConfigurationIsVisible = 0;
			defaultConfigurationName = Release;
		};
/* End XCConfigurationList section */
	};
	rootObject = B2F9A9A81FB80F3100326F80 /* Project object */;
}
